
Microsoft Visual Studio Solution File, Format Version 11.00
# Visual Studio 2010
Project("{FAE04EC0-301F-11D3-BF4B-00C04F79EFBC}") = "VideoCommander", "VideoCommander\VideoCommander.csproj", "{2553BE9F-8551-4A32-B1D4-D7C9BFB95B72}"
EndProject
Project("{FAE04EC0-301F-11D3-BF4B-00C04F79EFBC}") = "VideoCommander.Test", "VideoCommander.Test\VideoCommander.Test.csproj", "{40A5B101-688F-4A89-AB39-DB9ECCD55FEC}"
EndProject
Project("{2150E333-8FDC-42A3-9474-1A3956D46DE8}") = "Solution Items", "Solution Items", "{66D565EB-510F-4AF0-A086-7F21A3A8A36D}"
	ProjectSection(SolutionItems) = preProject
		D16VideoCommander.vsmdi = D16VideoCommander.vsmdi
		Local.testsettings = Local.testsettings
		TraceAndTestImpact.testsettings = TraceAndTestImpact.testsettings
	EndProjectSection
EndProject
Global
	GlobalSection(TestCaseManagementSettings) = postSolution
		CategoryFile = D16VideoCommander.vsmdi
	EndGlobalSection
	GlobalSection(SolutionConfigurationPlatforms) = preSolution
		Debug|Any CPU = Debug|Any CPU
		Debug|Mixed Platforms = Debug|Mixed Platforms
		Debug|x86 = Debug|x86
		Release|Any CPU = Release|Any CPU
		Release|Mixed Platforms = Release|Mixed Platforms
		Release|x86 = Release|x86
	EndGlobalSection
	GlobalSection(ProjectConfigurationPlatforms) = postSolution
		{2553BE9F-8551-4A32-B1D4-D7C9BFB95B72}.Debug|Any CPU.ActiveCfg = Debug|x86
		{2553BE9F-8551-4A32-B1D4-D7C9BFB95B72}.Debug|Mixed Platforms.ActiveCfg = Debug|x86
		{2553BE9F-8551-4A32-B1D4-D7C9BFB95B72}.Debug|Mixed Platforms.Build.0 = Debug|x86
		{2553BE9F-8551-4A32-B1D4-D7C9BFB95B72}.Debug|x86.ActiveCfg = Debug|x86
		{2553BE9F-8551-4A32-B1D4-D7C9BFB95B72}.Debug|x86.Build.0 = Debug|x86
		{2553BE9F-8551-4A32-B1D4-D7C9BFB95B72}.Release|Any CPU.ActiveCfg = Release|x86
		{2553BE9F-8551-4A32-B1D4-D7C9BFB95B72}.Release|Mixed Platforms.ActiveCfg = Release|x86
		{2553BE9F-8551-4A32-B1D4-D7C9BFB95B72}.Release|Mixed Platforms.Build.0 = Release|x86
		{2553BE9F-8551-4A32-B1D4-D7C9BFB95B72}.Release|x86.ActiveCfg = Release|x86
		{2553BE9F-8551-4A32-B1D4-D7C9BFB95B72}.Release|x86.Build.0 = Release|x86
		{40A5B101-688F-4A89-AB39-DB9ECCD55FEC}.Debug|Any CPU.ActiveCfg = Debug|Any CPU
		{40A5B101-688F-4A89-AB39-DB9ECCD55FEC}.Debug|Any CPU.Build.0 = Debug|Any CPU
		{40A5B101-688F-4A89-AB39-DB9ECCD55FEC}.Debug|Mixed Platforms.ActiveCfg = Debug|Any CPU
		{40A5B101-688F-4A89-AB39-DB9ECCD55FEC}.Debug|Mixed Platforms.Build.0 = Debug|Any CPU
		{40A5B101-688F-4A89-AB39-DB9ECCD55FEC}.Debug|x86.ActiveCfg = Debug|Any CPU
		{40A5B101-688F-4A89-AB39-DB9ECCD55FEC}.Release|Any CPU.ActiveCfg = Release|Any CPU
		{40A5B101-688F-4A89-AB39-DB9ECCD55FEC}.Release|Any CPU.Build.0 = Release|Any CPU
		{40A5B101-688F-4A89-AB39-DB9ECCD55FEC}.Release|Mixed Platforms.ActiveCfg = Release|Any CPU
		{40A5B101-688F-4A89-AB39-DB9ECCD55FEC}.Release|Mixed Platforms.Build.0 = Release|Any CPU
		{40A5B101-688F-4A89-AB39-DB9ECCD55FEC}.Release|x86.ActiveCfg = Release|Any CPU
	EndGlobalSection
	GlobalSection(SolutionProperties) = preSolution
		HideSolutionNode = FALSE
	EndGlobalSection
EndGlobal
